
Microsoft Visual Studio Solution File, Format Version 12.00
# Visual Studio Version 16
VisualStudioVersion = 16.0.30717.126
MinimumVisualStudioVersion = 10.0.40219.1
Project("{FAE04EC0-301F-11D3-BF4B-00C04F79EFBC}") = "ChillPatcher", "ChillPatcher\ChillPatcher.csproj", "{07318C97-9820-41C5-B641-FDB9A69BCC36}"
EndProject
Project("{FAE04EC0-301F-11D3-BF4B-00C04F79EFBC}") = "ChillPatcherTests", "ChillPatcherTests\ChillPatcherTests.csproj", "{B274AE72-C61B-44AC-B120-FC30B1C7D775}"
EndProject
Project("{9A19103F-16F7-4668-BE54-9A1E7A4F7556}") = "ChilloutModInterface", "ChilloutModInterface\ChilloutModInterface.csproj", "{7F4F4737-8915-4039-BFE0-64AD2BD10A5C}"
EndProject
Project("{9A19103F-16F7-4668-BE54-9A1E7A4F7556}") = "ChillModsHandler", "ChillModsHandler\ChillModsHandler.csproj", "{5181369C-A99B-456D-B0AD-615716F9F2E1}"
EndProject
Project("{FAE04EC0-301F-11D3-BF4B-00C04F79EFBC}") = "Installer", "Installer\Installer.csproj", "{C954C09E-D433-468B-93B6-56E4EF8201CD}"
EndProject
Project("{FAE04EC0-301F-11D3-BF4B-00C04F79EFBC}") = "InstallerTests", "InstallerTests\InstallerTests.csproj", "{C59F52B0-F29C-4836-B2EA-032A569D135F}"
EndProject
Global
	GlobalSection(SolutionConfigurationPlatforms) = preSolution
		Debug|Any CPU = Debug|Any CPU
		Release|Any CPU = Release|Any CPU
	EndGlobalSection
	GlobalSection(ProjectConfigurationPlatforms) = postSolution
		{07318C97-9820-41C5-B641-FDB9A69BCC36}.Debug|Any CPU.ActiveCfg = Debug|Any CPU
		{07318C97-9820-41C5-B641-FDB9A69BCC36}.Debug|Any CPU.Build.0 = Debug|Any CPU
		{07318C97-9820-41C5-B641-FDB9A69BCC36}.Release|Any CPU.ActiveCfg = Release|Any CPU
		{07318C97-9820-41C5-B641-FDB9A69BCC36}.Release|Any CPU.Build.0 = Release|Any CPU
		{B274AE72-C61B-44AC-B120-FC30B1C7D775}.Debug|Any CPU.ActiveCfg = Debug|Any CPU
		{B274AE72-C61B-44AC-B120-FC30B1C7D775}.Debug|Any CPU.Build.0 = Debug|Any CPU
		{B274AE72-C61B-44AC-B120-FC30B1C7D775}.Release|Any CPU.ActiveCfg = Release|Any CPU
		{B274AE72-C61B-44AC-B120-FC30B1C7D775}.Release|Any CPU.Build.0 = Release|Any CPU
		{7F4F4737-8915-4039-BFE0-64AD2BD10A5C}.Debug|Any CPU.ActiveCfg = Debug|Any CPU
		{7F4F4737-8915-4039-BFE0-64AD2BD10A5C}.Debug|Any CPU.Build.0 = Debug|Any CPU
		{7F4F4737-8915-4039-BFE0-64AD2BD10A5C}.Release|Any CPU.ActiveCfg = Release|Any CPU
		{7F4F4737-8915-4039-BFE0-64AD2BD10A5C}.Release|Any CPU.Build.0 = Release|Any CPU
		{5181369C-A99B-456D-B0AD-615716F9F2E1}.Debug|Any CPU.ActiveCfg = Debug|Any CPU
		{5181369C-A99B-456D-B0AD-615716F9F2E1}.Debug|Any CPU.Build.0 = Debug|Any CPU
		{5181369C-A99B-456D-B0AD-615716F9F2E1}.Release|Any CPU.ActiveCfg = Release|Any CPU
		{5181369C-A99B-456D-B0AD-615716F9F2E1}.Release|Any CPU.Build.0 = Release|Any CPU
		{C954C09E-D433-468B-93B6-56E4EF8201CD}.Debug|Any CPU.ActiveCfg = Debug|Any CPU
		{C954C09E-D433-468B-93B6-56E4EF8201CD}.Debug|Any CPU.Build.0 = Debug|Any CPU
		{C954C09E-D433-468B-93B6-56E4EF8201CD}.Release|Any CPU.ActiveCfg = Release|Any CPU
		{C954C09E-D433-468B-93B6-56E4EF8201CD}.Release|Any CPU.Build.0 = Release|Any CPU
		{C59F52B0-F29C-4836-B2EA-032A569D135F}.Debug|Any CPU.ActiveCfg = Debug|Any CPU
		{C59F52B0-F29C-4836-B2EA-032A569D135F}.Debug|Any CPU.Build.0 = Debug|Any CPU
		{C59F52B0-F29C-4836-B2EA-032A569D135F}.Release|Any CPU.ActiveCfg = Release|Any CPU
		{C59F52B0-F29C-4836-B2EA-032A569D135F}.Release|Any CPU.Build.0 = Release|Any CPU
	EndGlobalSection
	GlobalSection(SolutionProperties) = preSolution
		HideSolutionNode = FALSE
	EndGlobalSection
	GlobalSection(ExtensibilityGlobals) = postSolution
		SolutionGuid = {2CDC0207-4B3D-4007-B4A3-F32F06D11CA6}
	EndGlobalSection
EndGlobal
